// !$*UTF8*$!
{
	archiveVersion = 1;
	classes = {
	};
	objectVersion = 56;
	objects = {

/* Begin PBXBuildFile section */
		3A32EDED2BDE941E0029ED7E /* CourseDetailedView.swift in Sources */ = {isa = PBXBuildFile; fileRef = 3A32EDEC2BDE941E0029ED7E /* CourseDetailedView.swift */; };
		3A32EDEF2BDF9BAA0029ED7E /* StudyPlanView.swift in Sources */ = {isa = PBXBuildFile; fileRef = 3A32EDEE2BDF9BAA0029ED7E /* StudyPlanView.swift */; };
		3A7B94002BDC29BE00F789EA /* MyVSPJApp.swift in Sources */ = {isa = PBXBuildFile; fileRef = 3A7B93FF2BDC29BE00F789EA /* MyVSPJApp.swift */; };
		3A7B94022BDC29BE00F789EA /* ContentView.swift in Sources */ = {isa = PBXBuildFile; fileRef = 3A7B94012BDC29BE00F789EA /* ContentView.swift */; };
		3A7B94042BDC29BE00F789EA /* Item.swift in Sources */ = {isa = PBXBuildFile; fileRef = 3A7B94032BDC29BE00F789EA /* Item.swift */; };
		3A7B94062BDC29BF00F789EA /* Assets.xcassets in Resources */ = {isa = PBXBuildFile; fileRef = 3A7B94052BDC29BF00F789EA /* Assets.xcassets */; };
		3A7B94092BDC29BF00F789EA /* Preview Assets.xcassets in Resources */ = {isa = PBXBuildFile; fileRef = 3A7B94082BDC29BF00F789EA /* Preview Assets.xcassets */; };
		3A7B94132BDC2A4700F789EA /* SwiftSoup in Frameworks */ = {isa = PBXBuildFile; productRef = 3A7B94122BDC2A4700F789EA /* SwiftSoup */; };
		3A9361832BDD4D93004001EC /* Courses.swift in Sources */ = {isa = PBXBuildFile; fileRef = 3A9361822BDD4D93004001EC /* Courses.swift */; };
		3A93618A2BDD7AEF004001EC /* coursedetails.json in Resources */ = {isa = PBXBuildFile; fileRef = 3A9361842BDD7AEF004001EC /* coursedetails.json */; };
		3A93618B2BDD7AEF004001EC /* coursecompletionstats.json in Resources */ = {isa = PBXBuildFile; fileRef = 3A9361852BDD7AEF004001EC /* coursecompletionstats.json */; };
		3A93618C2BDD7AEF004001EC /* coursetypes.json in Resources */ = {isa = PBXBuildFile; fileRef = 3A9361862BDD7AEF004001EC /* coursetypes.json */; };
		3A93618D2BDD7AEF004001EC /* completiontypes.json in Resources */ = {isa = PBXBuildFile; fileRef = 3A9361872BDD7AEF004001EC /* completiontypes.json */; };
		3A93618E2BDD7AEF004001EC /* courses.json in Resources */ = {isa = PBXBuildFile; fileRef = 3A9361882BDD7AEF004001EC /* courses.json */; };
		3A93618F2BDD7AEF004001EC /* departments.json in Resources */ = {isa = PBXBuildFile; fileRef = 3A9361892BDD7AEF004001EC /* departments.json */; };
		3A9361912BDD7B3F004001EC /* Dataloader.swift in Sources */ = {isa = PBXBuildFile; fileRef = 3A9361902BDD7B3F004001EC /* Dataloader.swift */; };
		3A9361932BDE6C1D004001EC /* MainView.swift in Sources */ = {isa = PBXBuildFile; fileRef = 3A9361922BDE6C1D004001EC /* MainView.swift */; };
/* End PBXBuildFile section */

/* Begin PBXFileReference section */
		3A32EDEC2BDE941E0029ED7E /* CourseDetailedView.swift */ = {isa = PBXFileReference; lastKnownFileType = sourcecode.swift; path = CourseDetailedView.swift; sourceTree = "<group>"; };
		3A32EDEE2BDF9BAA0029ED7E /* StudyPlanView.swift */ = {isa = PBXFileReference; lastKnownFileType = sourcecode.swift; path = StudyPlanView.swift; sourceTree = "<group>"; };
		3A7B93FC2BDC29BE00F789EA /* MyVSPJ.app */ = {isa = PBXFileReference; explicitFileType = wrapper.application; includeInIndex = 0; path = MyVSPJ.app; sourceTree = BUILT_PRODUCTS_DIR; };
		3A7B93FF2BDC29BE00F789EA /* MyVSPJApp.swift */ = {isa = PBXFileReference; lastKnownFileType = sourcecode.swift; path = MyVSPJApp.swift; sourceTree = "<group>"; };
		3A7B94012BDC29BE00F789EA /* ContentView.swift */ = {isa = PBXFileReference; lastKnownFileType = sourcecode.swift; path = ContentView.swift; sourceTree = "<group>"; };
		3A7B94032BDC29BE00F789EA /* Item.swift */ = {isa = PBXFileReference; lastKnownFileType = sourcecode.swift; path = Item.swift; sourceTree = "<group>"; };
		3A7B94052BDC29BF00F789EA /* Assets.xcassets */ = {isa = PBXFileReference; lastKnownFileType = folder.assetcatalog; path = Assets.xcassets; sourceTree = "<group>"; };
		3A7B94082BDC29BF00F789EA /* Preview Assets.xcassets */ = {isa = PBXFileReference; lastKnownFileType = folder.assetcatalog; path = "Preview Assets.xcassets"; sourceTree = "<group>"; };
		3A9361822BDD4D93004001EC /* Courses.swift */ = {isa = PBXFileReference; lastKnownFileType = sourcecode.swift; path = Courses.swift; sourceTree = "<group>"; };
		3A9361842BDD7AEF004001EC /* coursedetails.json */ = {isa = PBXFileReference; fileEncoding = 4; lastKnownFileType = text.json; path = coursedetails.json; sourceTree = "<group>"; };
		3A9361852BDD7AEF004001EC /* coursecompletionstats.json */ = {isa = PBXFileReference; fileEncoding = 4; lastKnownFileType = text.json; path = coursecompletionstats.json; sourceTree = "<group>"; };
		3A9361862BDD7AEF004001EC /* coursetypes.json */ = {isa = PBXFileReference; fileEncoding = 4; lastKnownFileType = text.json; path = coursetypes.json; sourceTree = "<group>"; };
		3A9361872BDD7AEF004001EC /* completiontypes.json */ = {isa = PBXFileReference; fileEncoding = 4; lastKnownFileType = text.json; path = completiontypes.json; sourceTree = "<group>"; };
		3A9361882BDD7AEF004001EC /* courses.json */ = {isa = PBXFileReference; fileEncoding = 4; lastKnownFileType = text.json; path = courses.json; sourceTree = "<group>"; };
		3A9361892BDD7AEF004001EC /* departments.json */ = {isa = PBXFileReference; fileEncoding = 4; lastKnownFileType = text.json; path = departments.json; sourceTree = "<group>"; };
		3A9361902BDD7B3F004001EC /* Dataloader.swift */ = {isa = PBXFileReference; lastKnownFileType = sourcecode.swift; path = Dataloader.swift; sourceTree = "<group>"; };
		3A9361922BDE6C1D004001EC /* MainView.swift */ = {isa = PBXFileReference; lastKnownFileType = sourcecode.swift; path = MainView.swift; sourceTree = "<group>"; };
/* End PBXFileReference section */

/* Begin PBXFrameworksBuildPhase section */
		3A7B93F92BDC29BE00F789EA /* Frameworks */ = {
			isa = PBXFrameworksBuildPhase;
			buildActionMask = 2147483647;
			files = (
				3A7B94132BDC2A4700F789EA /* SwiftSoup in Frameworks */,
			);
			runOnlyForDeploymentPostprocessing = 0;
		};
/* End PBXFrameworksBuildPhase section */

/* Begin PBXGroup section */
		3A32EDF02BE004F80029ED7E /* data */ = {
			isa = PBXGroup;
			children = (
				3A9361872BDD7AEF004001EC /* completiontypes.json */,
				3A9361852BDD7AEF004001EC /* coursecompletionstats.json */,
				3A9361842BDD7AEF004001EC /* coursedetails.json */,
				3A9361882BDD7AEF004001EC /* courses.json */,
				3A9361862BDD7AEF004001EC /* coursetypes.json */,
				3A9361892BDD7AEF004001EC /* departments.json */,
			);
			path = data;
			sourceTree = "<group>";
		};
		3A7B93F32BDC29BE00F789EA = {
			isa = PBXGroup;
			children = (
				3A7B93FE2BDC29BE00F789EA /* MyVSPJ */,
				3A7B93FD2BDC29BE00F789EA /* Products */,
			);
			sourceTree = "<group>";
		};
		3A7B93FD2BDC29BE00F789EA /* Products */ = {
			isa = PBXGroup;
			children = (
				3A7B93FC2BDC29BE00F789EA /* MyVSPJ.app */,
			);
			name = Products;
			sourceTree = "<group>";
		};
		3A7B93FE2BDC29BE00F789EA /* MyVSPJ */ = {
			isa = PBXGroup;
			children = (
				3A32EDF02BE004F80029ED7E /* data */,
				3A7B93FF2BDC29BE00F789EA /* MyVSPJApp.swift */,
				3A9361922BDE6C1D004001EC /* MainView.swift */,
				3A32EDEE2BDF9BAA0029ED7E /* StudyPlanView.swift */,
				3A32EDEC2BDE941E0029ED7E /* CourseDetailedView.swift */,
				3A7B94012BDC29BE00F789EA /* ContentView.swift */,
				3A7B94032BDC29BE00F789EA /* Item.swift */,
				3A7B94052BDC29BF00F789EA /* Assets.xcassets */,
				3A7B94072BDC29BF00F789EA /* Preview Content */,
				3A9361822BDD4D93004001EC /* Courses.swift */,
				3A9361902BDD7B3F004001EC /* Dataloader.swift */,
			);
			path = MyVSPJ;
			sourceTree = "<group>";
		};
		3A7B94072BDC29BF00F789EA /* Preview Content */ = {
			isa = PBXGroup;
			children = (
				3A7B94082BDC29BF00F789EA /* Preview Assets.xcassets */,
			);
			path = "Preview Content";
			sourceTree = "<group>";
		};
/* End PBXGroup section */

/* Begin PBXNativeTarget section */
		3A7B93FB2BDC29BE00F789EA /* MyVSPJ */ = {
			isa = PBXNativeTarget;
			buildConfigurationList = 3A7B940C2BDC29BF00F789EA /* Build configuration list for PBXNativeTarget "MyVSPJ" */;
			buildPhases = (
				3A7B93F82BDC29BE00F789EA /* Sources */,
				3A7B93F92BDC29BE00F789EA /* Frameworks */,
				3A7B93FA2BDC29BE00F789EA /* Resources */,
			);
			buildRules = (
			);
			dependencies = (
			);
			name = MyVSPJ;
			packageProductDependencies = (
				3A7B94122BDC2A4700F789EA /* SwiftSoup */,
			);
			productName = MyVSPJ;
			productReference = 3A7B93FC2BDC29BE00F789EA /* MyVSPJ.app */;
			productType = "com.apple.product-type.application";
		};
/* End PBXNativeTarget section */

/* Begin PBXProject section */
		3A7B93F42BDC29BE00F789EA /* Project object */ = {
			isa = PBXProject;
			attributes = {
				BuildIndependentTargetsInParallel = 1;
				LastSwiftUpdateCheck = 1530;
				LastUpgradeCheck = 1530;
				TargetAttributes = {
					3A7B93FB2BDC29BE00F789EA = {
						CreatedOnToolsVersion = 15.3;
					};
				};
			};
			buildConfigurationList = 3A7B93F72BDC29BE00F789EA /* Build configuration list for PBXProject "MyVSPJ" */;
			compatibilityVersion = "Xcode 14.0";
			developmentRegion = en;
			hasScannedForEncodings = 0;
			knownRegions = (
				en,
				Base,
			);
			mainGroup = 3A7B93F32BDC29BE00F789EA;
			packageReferences = (
				3A7B94112BDC2A4700F789EA /* XCRemoteSwiftPackageReference "SwiftSoup" */,
			);
			productRefGroup = 3A7B93FD2BDC29BE00F789EA /* Products */;
			projectDirPath = "";
			projectRoot = "";
			targets = (
				3A7B93FB2BDC29BE00F789EA /* MyVSPJ */,
			);
		};
/* End PBXProject section */

/* Begin PBXResourcesBuildPhase section */
		3A7B93FA2BDC29BE00F789EA /* Resources */ = {
			isa = PBXResourcesBuildPhase;
			buildActionMask = 2147483647;
			files = (
				3A93618B2BDD7AEF004001EC /* coursecompletionstats.json in Resources */,
				3A7B94092BDC29BF00F789EA /* Preview Assets.xcassets in Resources */,
				3A7B94062BDC29BF00F789EA /* Assets.xcassets in Resources */,
				3A93618D2BDD7AEF004001EC /* completiontypes.json in Resources */,
				3A93618E2BDD7AEF004001EC /* courses.json in Resources */,
				3A93618A2BDD7AEF004001EC /* coursedetails.json in Resources */,
				3A93618C2BDD7AEF004001EC /* coursetypes.json in Resources */,
				3A93618F2BDD7AEF004001EC /* departments.json in Resources */,
			);
			runOnlyForDeploymentPostprocessing = 0;
		};
/* End PBXResourcesBuildPhase section */

/* Begin PBXSourcesBuildPhase section */
		3A7B93F82BDC29BE00F789EA /* Sources */ = {
			isa = PBXSourcesBuildPhase;
			buildActionMask = 2147483647;
			files = (
				3A32EDED2BDE941E0029ED7E /* CourseDetailedView.swift in Sources */,
				3A9361832BDD4D93004001EC /* Courses.swift in Sources */,
				3A9361932BDE6C1D004001EC /* MainView.swift in Sources */,
				3A7B94022BDC29BE00F789EA /* ContentView.swift in Sources */,
				3A7B94042BDC29BE00F789EA /* Item.swift in Sources */,
				3A32EDEF2BDF9BAA0029ED7E /* StudyPlanView.swift in Sources */,
				3A9361912BDD7B3F004001EC /* Dataloader.swift in Sources */,
				3A7B94002BDC29BE00F789EA /* MyVSPJApp.swift in Sources */,
			);
			runOnlyForDeploymentPostprocessing = 0;
		};
/* End PBXSourcesBuildPhase section */

/* Begin XCBuildConfiguration section */
		3A7B940A2BDC29BF00F789EA /* Debug */ = {
			isa = XCBuildConfiguration;
			buildSettings = {
				ALWAYS_SEARCH_USER_PATHS = NO;
				ASSETCATALOG_COMPILER_GENERATE_SWIFT_ASSET_SYMBOL_EXTENSIONS = YES;
				CLANG_ANALYZER_NONNULL = YES;
				CLANG_ANALYZER_NUMBER_OBJECT_CONVERSION = YES_AGGRESSIVE;
				CLANG_CXX_LANGUAGE_STANDARD = "gnu++20";
				CLANG_ENABLE_MODULES = YES;
				CLANG_ENABLE_OBJC_ARC = YES;
				CLANG_ENABLE_OBJC_WEAK = YES;
				CLANG_WARN_BLOCK_CAPTURE_AUTORELEASING = YES;
				CLANG_WARN_BOOL_CONVERSION = YES;
				CLANG_WARN_COMMA = YES;
				CLANG_WARN_CONSTANT_CONVERSION = YES;
				CLANG_WARN_DEPRECATED_OBJC_IMPLEMENTATIONS = YES;
				CLANG_WARN_DIRECT_OBJC_ISA_USAGE = YES_ERROR;
				CLANG_WARN_DOCUMENTATION_COMMENTS = YES;
				CLANG_WARN_EMPTY_BODY = YES;
				CLANG_WARN_ENUM_CONVERSION = YES;
				CLANG_WARN_INFINITE_RECURSION = YES;
				CLANG_WARN_INT_CONVERSION = YES;
				CLANG_WARN_NON_LITERAL_NULL_CONVERSION = YES;
				CLANG_WARN_OBJC_IMPLICIT_RETAIN_SELF = YES;
				CLANG_WARN_OBJC_LITERAL_CONVERSION = YES;
				CLANG_WARN_OBJC_ROOT_CLASS = YES_ERROR;
				CLANG_WARN_QUOTED_INCLUDE_IN_FRAMEWORK_HEADER = YES;
				CLANG_WARN_RANGE_LOOP_ANALYSIS = YES;
				CLANG_WARN_STRICT_PROTOTYPES = YES;
				CLANG_WARN_SUSPICIOUS_MOVE = YES;
				CLANG_WARN_UNGUARDED_AVAILABILITY = YES_AGGRESSIVE;
				CLANG_WARN_UNREACHABLE_CODE = YES;
				CLANG_WARN__DUPLICATE_METHOD_MATCH = YES;
				COPY_PHASE_STRIP = NO;
				DEBUG_INFORMATION_FORMAT = dwarf;
				ENABLE_STRICT_OBJC_MSGSEND = YES;
				ENABLE_TESTABILITY = YES;
				ENABLE_USER_SCRIPT_SANDBOXING = YES;
				GCC_C_LANGUAGE_STANDARD = gnu17;
				GCC_DYNAMIC_NO_PIC = NO;
				GCC_NO_COMMON_BLOCKS = YES;
				GCC_OPTIMIZATION_LEVEL = 0;
				GCC_PREPROCESSOR_DEFINITIONS = (
					"DEBUG=1",
					"$(inherited)",
				);
				GCC_WARN_64_TO_32_BIT_CONVERSION = YES;
				GCC_WARN_ABOUT_RETURN_TYPE = YES_ERROR;
				GCC_WARN_UNDECLARED_SELECTOR = YES;
				GCC_WARN_UNINITIALIZED_AUTOS = YES_AGGRESSIVE;
				GCC_WARN_UNUSED_FUNCTION = YES;
				GCC_WARN_UNUSED_VARIABLE = YES;
				IPHONEOS_DEPLOYMENT_TARGET = 17.4;
				LOCALIZATION_PREFERS_STRING_CATALOGS = YES;
				MTL_ENABLE_DEBUG_INFO = INCLUDE_SOURCE;
				MTL_FAST_MATH = YES;
				ONLY_ACTIVE_ARCH = YES;
				SDKROOT = iphoneos;
				SWIFT_ACTIVE_COMPILATION_CONDITIONS = "DEBUG $(inherited)";
				SWIFT_OPTIMIZATION_LEVEL = "-Onone";
			};
			name = Debug;
		};
		3A7B940B2BDC29BF00F789EA /* Release */ = {
			isa = XCBuildConfiguration;
			buildSettings = {
				ALWAYS_SEARCH_USER_PATHS = NO;
				ASSETCATALOG_COMPILER_GENERATE_SWIFT_ASSET_SYMBOL_EXTENSIONS = YES;
				CLANG_ANALYZER_NONNULL = YES;
				CLANG_ANALYZER_NUMBER_OBJECT_CONVERSION = YES_AGGRESSIVE;
				CLANG_CXX_LANGUAGE_STANDARD = "gnu++20";
				CLANG_ENABLE_MODULES = YES;
				CLANG_ENABLE_OBJC_ARC = YES;
				CLANG_ENABLE_OBJC_WEAK = YES;
				CLANG_WARN_BLOCK_CAPTURE_AUTORELEASING = YES;
				CLANG_WARN_BOOL_CONVERSION = YES;
				CLANG_WARN_COMMA = YES;
				CLANG_WARN_CONSTANT_CONVERSION = YES;
				CLANG_WARN_DEPRECATED_OBJC_IMPLEMENTATIONS = YES;
				CLANG_WARN_DIRECT_OBJC_ISA_USAGE = YES_ERROR;
				CLANG_WARN_DOCUMENTATION_COMMENTS = YES;
				CLANG_WARN_EMPTY_BODY = YES;
				CLANG_WARN_ENUM_CONVERSION = YES;
				CLANG_WARN_INFINITE_RECURSION = YES;
				CLANG_WARN_INT_CONVERSION = YES;
				CLANG_WARN_NON_LITERAL_NULL_CONVERSION = YES;
				CLANG_WARN_OBJC_IMPLICIT_RETAIN_SELF = YES;
				CLANG_WARN_OBJC_LITERAL_CONVERSION = YES;
				CLANG_WARN_OBJC_ROOT_CLASS = YES_ERROR;
				CLANG_WARN_QUOTED_INCLUDE_IN_FRAMEWORK_HEADER = YES;
				CLANG_WARN_RANGE_LOOP_ANALYSIS = YES;
				CLANG_WARN_STRICT_PROTOTYPES = YES;
				CLANG_WARN_SUSPICIOUS_MOVE = YES;
				CLANG_WARN_UNGUARDED_AVAILABILITY = YES_AGGRESSIVE;
				CLANG_WARN_UNREACHABLE_CODE = YES;
				CLANG_WARN__DUPLICATE_METHOD_MATCH = YES;
				COPY_PHASE_STRIP = NO;
				DEBUG_INFORMATION_FORMAT = "dwarf-with-dsym";
				ENABLE_NS_ASSERTIONS = NO;
				ENABLE_STRICT_OBJC_MSGSEND = YES;
				ENABLE_USER_SCRIPT_SANDBOXING = YES;
				GCC_C_LANGUAGE_STANDARD = gnu17;
				GCC_NO_COMMON_BLOCKS = YES;
				GCC_WARN_64_TO_32_BIT_CONVERSION = YES;
				GCC_WARN_ABOUT_RETURN_TYPE = YES_ERROR;
				GCC_WARN_UNDECLARED_SELECTOR = YES;
				GCC_WARN_UNINITIALIZED_AUTOS = YES_AGGRESSIVE;
				GCC_WARN_UNUSED_FUNCTION = YES;
				GCC_WARN_UNUSED_VARIABLE = YES;
				IPHONEOS_DEPLOYMENT_TARGET = 17.4;
				LOCALIZATION_PREFERS_STRING_CATALOGS = YES;
				MTL_ENABLE_DEBUG_INFO = NO;
				MTL_FAST_MATH = YES;
				SDKROOT = iphoneos;
				SWIFT_COMPILATION_MODE = wholemodule;
				VALIDATE_PRODUCT = YES;
			};
			name = Release;
		};
		3A7B940D2BDC29BF00F789EA /* Debug */ = {
			isa = XCBuildConfiguration;
			buildSettings = {
				ASSETCATALOG_COMPILER_APPICON_NAME = AppIcon;
				ASSETCATALOG_COMPILER_GLOBAL_ACCENT_COLOR_NAME = AccentColor;
				CODE_SIGN_STYLE = Automatic;
				CURRENT_PROJECT_VERSION = 1;
				DEVELOPMENT_ASSET_PATHS = "\"MyVSPJ/Preview Content\"";
				DEVELOPMENT_TEAM = F6YA6B56LR;
				ENABLE_PREVIEWS = YES;
				GENERATE_INFOPLIST_FILE = YES;
				INFOPLIST_KEY_UIApplicationSceneManifest_Generation = YES;
				INFOPLIST_KEY_UIApplicationSupportsIndirectInputEvents = YES;
				INFOPLIST_KEY_UILaunchScreen_Generation = YES;
				INFOPLIST_KEY_UISupportedInterfaceOrientations_iPad = "UIInterfaceOrientationPortrait UIInterfaceOrientationPortraitUpsideDown UIInterfaceOrientationLandscapeLeft UIInterfaceOrientationLandscapeRight";
				INFOPLIST_KEY_UISupportedInterfaceOrientations_iPhone = "UIInterfaceOrientationPortrait UIInterfaceOrientationLandscapeLeft UIInterfaceOrientationLandscapeRight";
				LD_RUNPATH_SEARCH_PATHS = (
					"$(inherited)",
					"@executable_path/Frameworks",
				);
				MARKETING_VERSION = 1.0;
				PRODUCT_BUNDLE_IDENTIFIER = net.mrmidi.MyVSPJ;
				PRODUCT_NAME = "$(TARGET_NAME)";
				SWIFT_EMIT_LOC_STRINGS = YES;
				SWIFT_VERSION = 5.0;
				TARGETED_DEVICE_FAMILY = "1,2";
			};
			name = Debug;
		};
		3A7B940E2BDC29BF00F789EA /* Release */ = {
			isa = XCBuildConfiguration;
			buildSettings = {
				ASSETCATALOG_COMPILER_APPICON_NAME = AppIcon;
				ASSETCATALOG_COMPILER_GLOBAL_ACCENT_COLOR_NAME = AccentColor;
				CODE_SIGN_STYLE = Automatic;
				CURRENT_PROJECT_VERSION = 1;
				DEVELOPMENT_ASSET_PATHS = "\"MyVSPJ/Preview Content\"";
				DEVELOPMENT_TEAM = F6YA6B56LR;
				ENABLE_PREVIEWS = YES;
				GENERATE_INFOPLIST_FILE = YES;
				INFOPLIST_KEY_UIApplicationSceneManifest_Generation = YES;
				INFOPLIST_KEY_UIApplicationSupportsIndirectInputEvents = YES;
				INFOPLIST_KEY_UILaunchScreen_Generation = YES;
				INFOPLIST_KEY_UISupportedInterfaceOrientations_iPad = "UIInterfaceOrientationPortrait UIInterfaceOrientationPortraitUpsideDown UIInterfaceOrientationLandscapeLeft UIInterfaceOrientationLandscapeRight";
				INFOPLIST_KEY_UISupportedInterfaceOrientations_iPhone = "UIInterfaceOrientationPortrait UIInterfaceOrientationLandscapeLeft UIInterfaceOrientationLandscapeRight";
				LD_RUNPATH_SEARCH_PATHS = (
					"$(inherited)",
					"@executable_path/Frameworks",
				);
				MARKETING_VERSION = 1.0;
				PRODUCT_BUNDLE_IDENTIFIER = net.mrmidi.MyVSPJ;
				PRODUCT_NAME = "$(TARGET_NAME)";
				SWIFT_EMIT_LOC_STRINGS = YES;
				SWIFT_VERSION = 5.0;
				TARGETED_DEVICE_FAMILY = "1,2";
			};
			name = Release;
		};
/* End XCBuildConfiguration section */

/* Begin XCConfigurationList section */
		3A7B93F72BDC29BE00F789EA /* Build configuration list for PBXProject "MyVSPJ" */ = {
			isa = XCConfigurationList;
			buildConfigurations = (
				3A7B940A2BDC29BF00F789EA /* Debug */,
				3A7B940B2BDC29BF00F789EA /* Release */,
			);
			defaultConfigurationIsVisible = 0;
			defaultConfigurationName = Release;
		};
		3A7B940C2BDC29BF00F789EA /* Build configuration list for PBXNativeTarget "MyVSPJ" */ = {
			isa = XCConfigurationList;
			buildConfigurations = (
				3A7B940D2BDC29BF00F789EA /* Debug */,
				3A7B940E2BDC29BF00F789EA /* Release */,
			);
			defaultConfigurationIsVisible = 0;
			defaultConfigurationName = Release;
		};
/* End XCConfigurationList section */

/* Begin XCRemoteSwiftPackageReference section */
		3A7B94112BDC2A4700F789EA /* XCRemoteSwiftPackageReference "SwiftSoup" */ = {
			isa = XCRemoteSwiftPackageReference;
			repositoryURL = "https://github.com/scinfu/SwiftSoup";
			requirement = {
				kind = upToNextMajorVersion;
				minimumVersion = 2.7.2;
			};
		};
/* End XCRemoteSwiftPackageReference section */

/* Begin XCSwiftPackageProductDependency section */
		3A7B94122BDC2A4700F789EA /* SwiftSoup */ = {
			isa = XCSwiftPackageProductDependency;
			package = 3A7B94112BDC2A4700F789EA /* XCRemoteSwiftPackageReference "SwiftSoup" */;
			productName = SwiftSoup;
		};
/* End XCSwiftPackageProductDependency section */
	};
	rootObject = 3A7B93F42BDC29BE00F789EA /* Project object */;
}
